// !$*UTF8*$!
{
	archiveVersion = 1;
	classes = {
	};
	objectVersion = 46;
	objects = {

/* Begin PBXBuildFile section */
		3550B6AF63338944590D26EC /* Pods_BartApp.framework in Frameworks */ = {isa = PBXBuildFile; fileRef = 7B0B14D394FBF31FC01CCA28 /* Pods_BartApp.framework */; };
		5F48D1671EBF9E760043EFA3 /* TripStationCell.swift in Sources */ = {isa = PBXBuildFile; fileRef = 5F48D1661EBF9E760043EFA3 /* TripStationCell.swift */; };
		5F7384CB1EB6A61D00B11B6A /* BartClient.swift in Sources */ = {isa = PBXBuildFile; fileRef = 5F7384CA1EB6A61D00B11B6A /* BartClient.swift */; };
		5F8D6FB01EBB951C0090523E /* Trip.swift in Sources */ = {isa = PBXBuildFile; fileRef = 5F8D6FAF1EBB951C0090523E /* Trip.swift */; };
		5FC358C71ECAA96F0067625A /* HeaderView.swift in Sources */ = {isa = PBXBuildFile; fileRef = 5FC358C51ECAA96F0067625A /* HeaderView.swift */; };
		5FC358C81ECAA96F0067625A /* HeaderView.xib in Resources */ = {isa = PBXBuildFile; fileRef = 5FC358C61ECAA96F0067625A /* HeaderView.xib */; };
		7655A22C1EC0C9DF00273660 /* SettingsViewController.swift in Sources */ = {isa = PBXBuildFile; fileRef = 7655A22B1EC0C9DF00273660 /* SettingsViewController.swift */; };
		767CD8211ECADD2700ACD0BD /* Style.swift in Sources */ = {isa = PBXBuildFile; fileRef = 767CD8201ECADD2700ACD0BD /* Style.swift */; };
		769395751EB058E6008C21C0 /* MapViewController.swift in Sources */ = {isa = PBXBuildFile; fileRef = 769395741EB058E6008C21C0 /* MapViewController.swift */; };
		7694E4D51ECC3E99006BF7D9 /* Launch Screen.storyboard in Resources */ = {isa = PBXBuildFile; fileRef = 7694E4D41ECC3E99006BF7D9 /* Launch Screen.storyboard */; };
		76994AA91ECC26380096ACAB /* alarm.mp3 in Resources */ = {isa = PBXBuildFile; fileRef = 76994AA81ECC26380096ACAB /* alarm.mp3 */; };
		76EA3F4E1EC93B2C00816B7F /* LegTableViewCell.swift in Sources */ = {isa = PBXBuildFile; fileRef = 76EA3F4D1EC93B2C00816B7F /* LegTableViewCell.swift */; };
		76EB12471ECB54A300ED5BD8 /* ColorExtension.swift in Sources */ = {isa = PBXBuildFile; fileRef = 76EB12461ECB54A300ED5BD8 /* ColorExtension.swift */; };
		C9256F991EA5BE5C00A2118B /* AppDelegate.swift in Sources */ = {isa = PBXBuildFile; fileRef = C9256F981EA5BE5C00A2118B /* AppDelegate.swift */; };
		C9256F9E1EA5BE5C00A2118B /* Main.storyboard in Resources */ = {isa = PBXBuildFile; fileRef = C9256F9C1EA5BE5C00A2118B /* Main.storyboard */; };
		C9256FA01EA5BE5C00A2118B /* Assets.xcassets in Resources */ = {isa = PBXBuildFile; fileRef = C9256F9F1EA5BE5C00A2118B /* Assets.xcassets */; };
		C95E26411EAFFFB6001B262B /* BartStation.swift in Sources */ = {isa = PBXBuildFile; fileRef = C95E26401EAFFFB6001B262B /* BartStation.swift */; };
		C95E26481EB05DA5001B262B /* RouteInputViewController.swift in Sources */ = {isa = PBXBuildFile; fileRef = C95E26471EB05DA5001B262B /* RouteInputViewController.swift */; };
		C95E264A1EB05DC4001B262B /* ChooseStationViewController.swift in Sources */ = {isa = PBXBuildFile; fileRef = C95E26491EB05DC4001B262B /* ChooseStationViewController.swift */; };
		C95E264C1EB05E7C001B262B /* StationCell.swift in Sources */ = {isa = PBXBuildFile; fileRef = C95E264B1EB05E7C001B262B /* StationCell.swift */; };
		C95E264E1EB15765001B262B /* RoutesViewController.swift in Sources */ = {isa = PBXBuildFile; fileRef = C95E264D1EB15765001B262B /* RoutesViewController.swift */; };
		C96A44BC1EB1CDEB006EE840 /* RouteInputView.swift in Sources */ = {isa = PBXBuildFile; fileRef = C96A44BB1EB1CDEB006EE840 /* RouteInputView.swift */; };
		C96A44C01EBA92D3006EE840 /* TripRequest.swift in Sources */ = {isa = PBXBuildFile; fileRef = C96A44BF1EBA92D3006EE840 /* TripRequest.swift */; };
		C96A44C41EC17484006EE840 /* CaltrainStation.swift in Sources */ = {isa = PBXBuildFile; fileRef = C96A44C31EC17484006EE840 /* CaltrainStation.swift */; };
		C9B61FF01ECA30900026C7CE /* CaltrainSchedule.swift in Sources */ = {isa = PBXBuildFile; fileRef = C9B61FEF1ECA30900026C7CE /* CaltrainSchedule.swift */; };
/* End PBXBuildFile section */

/* Begin PBXFileReference section */
		5F48D1661EBF9E760043EFA3 /* TripStationCell.swift */ = {isa = PBXFileReference; fileEncoding = 4; lastKnownFileType = sourcecode.swift; path = TripStationCell.swift; sourceTree = "<group>"; };
		5F7384CA1EB6A61D00B11B6A /* BartClient.swift */ = {isa = PBXFileReference; fileEncoding = 4; lastKnownFileType = sourcecode.swift; path = BartClient.swift; sourceTree = "<group>"; };
		5F8D6FAF1EBB951C0090523E /* Trip.swift */ = {isa = PBXFileReference; fileEncoding = 4; lastKnownFileType = sourcecode.swift; path = Trip.swift; sourceTree = "<group>"; };
		5FC358C51ECAA96F0067625A /* HeaderView.swift */ = {isa = PBXFileReference; fileEncoding = 4; lastKnownFileType = sourcecode.swift; path = HeaderView.swift; sourceTree = "<group>"; };
		5FC358C61ECAA96F0067625A /* HeaderView.xib */ = {isa = PBXFileReference; fileEncoding = 4; lastKnownFileType = file.xib; path = HeaderView.xib; sourceTree = "<group>"; };
		7655A22B1EC0C9DF00273660 /* SettingsViewController.swift */ = {isa = PBXFileReference; fileEncoding = 4; lastKnownFileType = sourcecode.swift; path = SettingsViewController.swift; sourceTree = "<group>"; };
		767CD8201ECADD2700ACD0BD /* Style.swift */ = {isa = PBXFileReference; fileEncoding = 4; lastKnownFileType = sourcecode.swift; path = Style.swift; sourceTree = "<group>"; };
		769395741EB058E6008C21C0 /* MapViewController.swift */ = {isa = PBXFileReference; fileEncoding = 4; lastKnownFileType = sourcecode.swift; path = MapViewController.swift; sourceTree = "<group>"; };
		7694E4D41ECC3E99006BF7D9 /* Launch Screen.storyboard */ = {isa = PBXFileReference; fileEncoding = 4; lastKnownFileType = file.storyboard; path = "Launch Screen.storyboard"; sourceTree = "<group>"; };
		76994AA81ECC26380096ACAB /* alarm.mp3 */ = {isa = PBXFileReference; lastKnownFileType = audio.mp3; path = alarm.mp3; sourceTree = "<group>"; };
		76EA3F4D1EC93B2C00816B7F /* LegTableViewCell.swift */ = {isa = PBXFileReference; fileEncoding = 4; lastKnownFileType = sourcecode.swift; path = LegTableViewCell.swift; sourceTree = "<group>"; };
		76EB12461ECB54A300ED5BD8 /* ColorExtension.swift */ = {isa = PBXFileReference; fileEncoding = 4; lastKnownFileType = sourcecode.swift; path = ColorExtension.swift; sourceTree = "<group>"; };
		79F1C0BBC1BEAF6D8752F040 /* Pods-BartApp.debug.xcconfig */ = {isa = PBXFileReference; includeInIndex = 1; lastKnownFileType = text.xcconfig; name = "Pods-BartApp.debug.xcconfig"; path = "Pods/Target Support Files/Pods-BartApp/Pods-BartApp.debug.xcconfig"; sourceTree = "<group>"; };
		7B0B14D394FBF31FC01CCA28 /* Pods_BartApp.framework */ = {isa = PBXFileReference; explicitFileType = wrapper.framework; includeInIndex = 0; path = Pods_BartApp.framework; sourceTree = BUILT_PRODUCTS_DIR; };
		C628493AA9D40C9CF553DE04 /* Pods-BartApp.release.xcconfig */ = {isa = PBXFileReference; includeInIndex = 1; lastKnownFileType = text.xcconfig; name = "Pods-BartApp.release.xcconfig"; path = "Pods/Target Support Files/Pods-BartApp/Pods-BartApp.release.xcconfig"; sourceTree = "<group>"; };
		C9256F951EA5BE5C00A2118B /* BartApp.app */ = {isa = PBXFileReference; explicitFileType = wrapper.application; includeInIndex = 0; path = BartApp.app; sourceTree = BUILT_PRODUCTS_DIR; };
		C9256F981EA5BE5C00A2118B /* AppDelegate.swift */ = {isa = PBXFileReference; lastKnownFileType = sourcecode.swift; path = AppDelegate.swift; sourceTree = "<group>"; };
		C9256F9D1EA5BE5C00A2118B /* Base */ = {isa = PBXFileReference; lastKnownFileType = file.storyboard; name = Base; path = Base.lproj/Main.storyboard; sourceTree = "<group>"; };
		C9256F9F1EA5BE5C00A2118B /* Assets.xcassets */ = {isa = PBXFileReference; lastKnownFileType = folder.assetcatalog; path = Assets.xcassets; sourceTree = "<group>"; };
		C9256FA41EA5BE5C00A2118B /* Info.plist */ = {isa = PBXFileReference; lastKnownFileType = text.plist.xml; path = Info.plist; sourceTree = "<group>"; };
		C95E26401EAFFFB6001B262B /* BartStation.swift */ = {isa = PBXFileReference; fileEncoding = 4; lastKnownFileType = sourcecode.swift; path = BartStation.swift; sourceTree = "<group>"; };
		C95E26471EB05DA5001B262B /* RouteInputViewController.swift */ = {isa = PBXFileReference; fileEncoding = 4; lastKnownFileType = sourcecode.swift; path = RouteInputViewController.swift; sourceTree = "<group>"; };
		C95E26491EB05DC4001B262B /* ChooseStationViewController.swift */ = {isa = PBXFileReference; fileEncoding = 4; lastKnownFileType = sourcecode.swift; path = ChooseStationViewController.swift; sourceTree = "<group>"; };
		C95E264B1EB05E7C001B262B /* StationCell.swift */ = {isa = PBXFileReference; fileEncoding = 4; lastKnownFileType = sourcecode.swift; path = StationCell.swift; sourceTree = "<group>"; };
		C95E264D1EB15765001B262B /* RoutesViewController.swift */ = {isa = PBXFileReference; fileEncoding = 4; lastKnownFileType = sourcecode.swift; path = RoutesViewController.swift; sourceTree = "<group>"; };
		C96A44BB1EB1CDEB006EE840 /* RouteInputView.swift */ = {isa = PBXFileReference; fileEncoding = 4; lastKnownFileType = sourcecode.swift; path = RouteInputView.swift; sourceTree = "<group>"; };
		C96A44BF1EBA92D3006EE840 /* TripRequest.swift */ = {isa = PBXFileReference; fileEncoding = 4; lastKnownFileType = sourcecode.swift; path = TripRequest.swift; sourceTree = "<group>"; };
		C96A44C31EC17484006EE840 /* CaltrainStation.swift */ = {isa = PBXFileReference; fileEncoding = 4; lastKnownFileType = sourcecode.swift; path = CaltrainStation.swift; sourceTree = "<group>"; };
		C9B61FEF1ECA30900026C7CE /* CaltrainSchedule.swift */ = {isa = PBXFileReference; fileEncoding = 4; lastKnownFileType = sourcecode.swift; path = CaltrainSchedule.swift; sourceTree = "<group>"; };
/* End PBXFileReference section */

/* Begin PBXFrameworksBuildPhase section */
		C9256F921EA5BE5C00A2118B /* Frameworks */ = {
			isa = PBXFrameworksBuildPhase;
			buildActionMask = 2147483647;
			files = (
				3550B6AF63338944590D26EC /* Pods_BartApp.framework in Frameworks */,
			);
			runOnlyForDeploymentPostprocessing = 0;
		};
/* End PBXFrameworksBuildPhase section */

/* Begin PBXGroup section */
		767CD81F1ECADD1100ACD0BD /* Components */ = {
			isa = PBXGroup;
			children = (
				767CD8201ECADD2700ACD0BD /* Style.swift */,
				76EB12461ECB54A300ED5BD8 /* ColorExtension.swift */,
			);
			name = Components;
			sourceTree = "<group>";
		};
		76B6507E1EB03F2600F811EC /* Views */ = {
			isa = PBXGroup;
			children = (
				C95E264B1EB05E7C001B262B /* StationCell.swift */,
				C96A44BB1EB1CDEB006EE840 /* RouteInputView.swift */,
				5F48D1661EBF9E760043EFA3 /* TripStationCell.swift */,
				76EA3F4D1EC93B2C00816B7F /* LegTableViewCell.swift */,
				5FC358C51ECAA96F0067625A /* HeaderView.swift */,
				5FC358C61ECAA96F0067625A /* HeaderView.xib */,
			);
			name = Views;
			sourceTree = "<group>";
		};
		76B6507F1EB03F2D00F811EC /* View Controllers */ = {
			isa = PBXGroup;
			children = (
				769395741EB058E6008C21C0 /* MapViewController.swift */,
				C95E26471EB05DA5001B262B /* RouteInputViewController.swift */,
				C95E26491EB05DC4001B262B /* ChooseStationViewController.swift */,
				C95E264D1EB15765001B262B /* RoutesViewController.swift */,
				7655A22B1EC0C9DF00273660 /* SettingsViewController.swift */,
			);
			name = "View Controllers";
			sourceTree = "<group>";
		};
		76B650801EB03F3500F811EC /* Models */ = {
			isa = PBXGroup;
			children = (
				C95E26401EAFFFB6001B262B /* BartStation.swift */,
				5F8D6FAF1EBB951C0090523E /* Trip.swift */,
				C96A44BF1EBA92D3006EE840 /* TripRequest.swift */,
				C96A44C31EC17484006EE840 /* CaltrainStation.swift */,
				C9B61FEF1ECA30900026C7CE /* CaltrainSchedule.swift */,
			);
			name = Models;
			sourceTree = "<group>";
		};
		947B4F04B9D315E0486B11D3 /* Pods */ = {
			isa = PBXGroup;
			children = (
				79F1C0BBC1BEAF6D8752F040 /* Pods-BartApp.debug.xcconfig */,
				C628493AA9D40C9CF553DE04 /* Pods-BartApp.release.xcconfig */,
			);
			name = Pods;
			sourceTree = "<group>";
		};
		C9256F8C1EA5BE5C00A2118B = {
			isa = PBXGroup;
			children = (
				C9256F971EA5BE5C00A2118B /* BartApp */,
				C9256F961EA5BE5C00A2118B /* Products */,
				947B4F04B9D315E0486B11D3 /* Pods */,
				FB10BC06902B083D1DA2586E /* Frameworks */,
			);
			sourceTree = "<group>";
		};
		C9256F961EA5BE5C00A2118B /* Products */ = {
			isa = PBXGroup;
			children = (
				C9256F951EA5BE5C00A2118B /* BartApp.app */,
			);
			name = Products;
			sourceTree = "<group>";
		};
		C9256F971EA5BE5C00A2118B /* BartApp */ = {
			isa = PBXGroup;
			children = (
				767CD81F1ECADD1100ACD0BD /* Components */,
				C95E26441EB0561C001B262B /* API */,
				76B650801EB03F3500F811EC /* Models */,
				76B6507F1EB03F2D00F811EC /* View Controllers */,
				76B6507E1EB03F2600F811EC /* Views */,
				C9256F981EA5BE5C00A2118B /* AppDelegate.swift */,
				76994AA81ECC26380096ACAB /* alarm.mp3 */,
				C9256F9C1EA5BE5C00A2118B /* Main.storyboard */,
				C9256F9F1EA5BE5C00A2118B /* Assets.xcassets */,
				C9256FA41EA5BE5C00A2118B /* Info.plist */,
				7694E4D41ECC3E99006BF7D9 /* Launch Screen.storyboard */,
			);
			path = BartApp;
			sourceTree = "<group>";
		};
		C95E26441EB0561C001B262B /* API */ = {
			isa = PBXGroup;
			children = (
				5F7384CA1EB6A61D00B11B6A /* BartClient.swift */,
			);
			name = API;
			sourceTree = "<group>";
		};
		FB10BC06902B083D1DA2586E /* Frameworks */ = {
			isa = PBXGroup;
			children = (
				7B0B14D394FBF31FC01CCA28 /* Pods_BartApp.framework */,
			);
			name = Frameworks;
			sourceTree = "<group>";
		};
/* End PBXGroup section */

/* Begin PBXNativeTarget section */
		C9256F941EA5BE5C00A2118B /* BartApp */ = {
			isa = PBXNativeTarget;
			buildConfigurationList = C9256FA71EA5BE5C00A2118B /* Build configuration list for PBXNativeTarget "BartApp" */;
			buildPhases = (
				BDE52F8E2E41BF2CF05BECFB /* [CP] Check Pods Manifest.lock */,
				C9256F911EA5BE5C00A2118B /* Sources */,
				C9256F921EA5BE5C00A2118B /* Frameworks */,
				C9256F931EA5BE5C00A2118B /* Resources */,
				03DED4A271C77ABFBE2B319D /* [CP] Embed Pods Frameworks */,
				B17B03903E81BEF5C83C2B0D /* [CP] Copy Pods Resources */,
			);
			buildRules = (
			);
			dependencies = (
			);
			name = BartApp;
			productName = BartApp;
			productReference = C9256F951EA5BE5C00A2118B /* BartApp.app */;
			productType = "com.apple.product-type.application";
		};
/* End PBXNativeTarget section */

/* Begin PBXProject section */
		C9256F8D1EA5BE5C00A2118B /* Project object */ = {
			isa = PBXProject;
			attributes = {
				LastSwiftUpdateCheck = 0830;
				LastUpgradeCheck = 0830;
				ORGANIZATIONNAME = "Bria Wallace";
				TargetAttributes = {
					C9256F941EA5BE5C00A2118B = {
						CreatedOnToolsVersion = 8.3.1;
						DevelopmentTeam = D4PT88369P;
						ProvisioningStyle = Automatic;
					};
				};
			};
			buildConfigurationList = C9256F901EA5BE5C00A2118B /* Build configuration list for PBXProject "BartApp" */;
			compatibilityVersion = "Xcode 3.2";
			developmentRegion = English;
			hasScannedForEncodings = 0;
			knownRegions = (
				en,
				Base,
			);
			mainGroup = C9256F8C1EA5BE5C00A2118B;
			productRefGroup = C9256F961EA5BE5C00A2118B /* Products */;
			projectDirPath = "";
			projectRoot = "";
			targets = (
				C9256F941EA5BE5C00A2118B /* BartApp */,
			);
		};
/* End PBXProject section */

/* Begin PBXResourcesBuildPhase section */
		C9256F931EA5BE5C00A2118B /* Resources */ = {
			isa = PBXResourcesBuildPhase;
			buildActionMask = 2147483647;
			files = (
				C9256FA01EA5BE5C00A2118B /* Assets.xcassets in Resources */,
				C9256F9E1EA5BE5C00A2118B /* Main.storyboard in Resources */,
				5FC358C81ECAA96F0067625A /* HeaderView.xib in Resources */,
				7694E4D51ECC3E99006BF7D9 /* Launch Screen.storyboard in Resources */,
				76994AA91ECC26380096ACAB /* alarm.mp3 in Resources */,
			);
			runOnlyForDeploymentPostprocessing = 0;
		};
/* End PBXResourcesBuildPhase section */

/* Begin PBXShellScriptBuildPhase section */
		03DED4A271C77ABFBE2B319D /* [CP] Embed Pods Frameworks */ = {
			isa = PBXShellScriptBuildPhase;
			buildActionMask = 2147483647;
			files = (
			);
			inputPaths = (
			);
			name = "[CP] Embed Pods Frameworks";
			outputPaths = (
			);
			runOnlyForDeploymentPostprocessing = 0;
			shellPath = /bin/sh;
			shellScript = "\"${SRCROOT}/Pods/Target Support Files/Pods-BartApp/Pods-BartApp-frameworks.sh\"\n";
			showEnvVarsInLog = 0;
		};
		B17B03903E81BEF5C83C2B0D /* [CP] Copy Pods Resources */ = {
			isa = PBXShellScriptBuildPhase;
			buildActionMask = 2147483647;
			files = (
			);
			inputPaths = (
			);
			name = "[CP] Copy Pods Resources";
			outputPaths = (
			);
			runOnlyForDeploymentPostprocessing = 0;
			shellPath = /bin/sh;
			shellScript = "\"${SRCROOT}/Pods/Target Support Files/Pods-BartApp/Pods-BartApp-resources.sh\"\n";
			showEnvVarsInLog = 0;
		};
		BDE52F8E2E41BF2CF05BECFB /* [CP] Check Pods Manifest.lock */ = {
			isa = PBXShellScriptBuildPhase;
			buildActionMask = 2147483647;
			files = (
			);
			inputPaths = (
			);
			name = "[CP] Check Pods Manifest.lock";
			outputPaths = (
			);
			runOnlyForDeploymentPostprocessing = 0;
			shellPath = /bin/sh;
			shellScript = "diff \"${PODS_ROOT}/../Podfile.lock\" \"${PODS_ROOT}/Manifest.lock\" > /dev/null\nif [ $? != 0 ] ; then\n    # print error to STDERR\n    echo \"error: The sandbox is not in sync with the Podfile.lock. Run 'pod install' or update your CocoaPods installation.\" >&2\n    exit 1\nfi\n";
			showEnvVarsInLog = 0;
		};
/* End PBXShellScriptBuildPhase section */

/* Begin PBXSourcesBuildPhase section */
		C9256F911EA5BE5C00A2118B /* Sources */ = {
			isa = PBXSourcesBuildPhase;
			buildActionMask = 2147483647;
			files = (
				C95E264A1EB05DC4001B262B /* ChooseStationViewController.swift in Sources */,
				C95E26411EAFFFB6001B262B /* BartStation.swift in Sources */,
				5F8D6FB01EBB951C0090523E /* Trip.swift in Sources */,
				C96A44C01EBA92D3006EE840 /* TripRequest.swift in Sources */,
				C95E26481EB05DA5001B262B /* RouteInputViewController.swift in Sources */,
				5F7384CB1EB6A61D00B11B6A /* BartClient.swift in Sources */,
				C96A44C41EC17484006EE840 /* CaltrainStation.swift in Sources */,
				C9256F991EA5BE5C00A2118B /* AppDelegate.swift in Sources */,
				769395751EB058E6008C21C0 /* MapViewController.swift in Sources */,
				C95E264C1EB05E7C001B262B /* StationCell.swift in Sources */,
				76EA3F4E1EC93B2C00816B7F /* LegTableViewCell.swift in Sources */,
				7655A22C1EC0C9DF00273660 /* SettingsViewController.swift in Sources */,
				C9B61FF01ECA30900026C7CE /* CaltrainSchedule.swift in Sources */,
				5F48D1671EBF9E760043EFA3 /* TripStationCell.swift in Sources */,
				767CD8211ECADD2700ACD0BD /* Style.swift in Sources */,
				C96A44BC1EB1CDEB006EE840 /* RouteInputView.swift in Sources */,
				C95E264E1EB15765001B262B /* RoutesViewController.swift in Sources */,
				5FC358C71ECAA96F0067625A /* HeaderView.swift in Sources */,
				76EB12471ECB54A300ED5BD8 /* ColorExtension.swift in Sources */,
			);
			runOnlyForDeploymentPostprocessing = 0;
		};
/* End PBXSourcesBuildPhase section */

/* Begin PBXVariantGroup section */
		C9256F9C1EA5BE5C00A2118B /* Main.storyboard */ = {
			isa = PBXVariantGroup;
			children = (
				C9256F9D1EA5BE5C00A2118B /* Base */,
			);
			name = Main.storyboard;
			sourceTree = "<group>";
		};
/* End PBXVariantGroup section */

/* Begin XCBuildConfiguration section */
		C9256FA51EA5BE5C00A2118B /* Debug */ = {
			isa = XCBuildConfiguration;
			buildSettings = {
				ALWAYS_SEARCH_USER_PATHS = NO;
				CLANG_ANALYZER_NONNULL = YES;
				CLANG_ANALYZER_NUMBER_OBJECT_CONVERSION = YES_AGGRESSIVE;
				CLANG_CXX_LANGUAGE_STANDARD = "gnu++0x";
				CLANG_CXX_LIBRARY = "libc++";
				CLANG_ENABLE_MODULES = YES;
				CLANG_ENABLE_OBJC_ARC = YES;
				CLANG_WARN_BOOL_CONVERSION = YES;
				CLANG_WARN_CONSTANT_CONVERSION = YES;
				CLANG_WARN_DIRECT_OBJC_ISA_USAGE = YES_ERROR;
				CLANG_WARN_DOCUMENTATION_COMMENTS = YES;
				CLANG_WARN_EMPTY_BODY = YES;
				CLANG_WARN_ENUM_CONVERSION = YES;
				CLANG_WARN_INFINITE_RECURSION = YES;
				CLANG_WARN_INT_CONVERSION = YES;
				CLANG_WARN_OBJC_ROOT_CLASS = YES_ERROR;
				CLANG_WARN_SUSPICIOUS_MOVE = YES;
				CLANG_WARN_UNREACHABLE_CODE = YES;
				CLANG_WARN__DUPLICATE_METHOD_MATCH = YES;
				"CODE_SIGN_IDENTITY[sdk=iphoneos*]" = "iPhone Developer";
				COPY_PHASE_STRIP = NO;
				DEBUG_INFORMATION_FORMAT = dwarf;
				ENABLE_STRICT_OBJC_MSGSEND = YES;
				ENABLE_TESTABILITY = YES;
				GCC_C_LANGUAGE_STANDARD = gnu99;
				GCC_DYNAMIC_NO_PIC = NO;
				GCC_NO_COMMON_BLOCKS = YES;
				GCC_OPTIMIZATION_LEVEL = 0;
				GCC_PREPROCESSOR_DEFINITIONS = (
					"DEBUG=1",
					"$(inherited)",
				);
				GCC_WARN_64_TO_32_BIT_CONVERSION = YES;
				GCC_WARN_ABOUT_RETURN_TYPE = YES_ERROR;
				GCC_WARN_UNDECLARED_SELECTOR = YES;
				GCC_WARN_UNINITIALIZED_AUTOS = YES_AGGRESSIVE;
				GCC_WARN_UNUSED_FUNCTION = YES;
				GCC_WARN_UNUSED_VARIABLE = YES;
				IPHONEOS_DEPLOYMENT_TARGET = 10.3;
				MTL_ENABLE_DEBUG_INFO = YES;
				ONLY_ACTIVE_ARCH = YES;
				SDKROOT = iphoneos;
				SWIFT_ACTIVE_COMPILATION_CONDITIONS = DEBUG;
				SWIFT_OPTIMIZATION_LEVEL = "-Onone";
			};
			name = Debug;
		};
		C9256FA61EA5BE5C00A2118B /* Release */ = {
			isa = XCBuildConfiguration;
			buildSettings = {
				ALWAYS_SEARCH_USER_PATHS = NO;
				CLANG_ANALYZER_NONNULL = YES;
				CLANG_ANALYZER_NUMBER_OBJECT_CONVERSION = YES_AGGRESSIVE;
				CLANG_CXX_LANGUAGE_STANDARD = "gnu++0x";
				CLANG_CXX_LIBRARY = "libc++";
				CLANG_ENABLE_MODULES = YES;
				CLANG_ENABLE_OBJC_ARC = YES;
				CLANG_WARN_BOOL_CONVERSION = YES;
				CLANG_WARN_CONSTANT_CONVERSION = YES;
				CLANG_WARN_DIRECT_OBJC_ISA_USAGE = YES_ERROR;
				CLANG_WARN_DOCUMENTATION_COMMENTS = YES;
				CLANG_WARN_EMPTY_BODY = YES;
				CLANG_WARN_ENUM_CONVERSION = YES;
				CLANG_WARN_INFINITE_RECURSION = YES;
				CLANG_WARN_INT_CONVERSION = YES;
				CLANG_WARN_OBJC_ROOT_CLASS = YES_ERROR;
				CLANG_WARN_SUSPICIOUS_MOVE = YES;
				CLANG_WARN_UNREACHABLE_CODE = YES;
				CLANG_WARN__DUPLICATE_METHOD_MATCH = YES;
				"CODE_SIGN_IDENTITY[sdk=iphoneos*]" = "iPhone Developer";
				COPY_PHASE_STRIP = NO;
				DEBUG_INFORMATION_FORMAT = "dwarf-with-dsym";
				ENABLE_NS_ASSERTIONS = NO;
				ENABLE_STRICT_OBJC_MSGSEND = YES;
				GCC_C_LANGUAGE_STANDARD = gnu99;
				GCC_NO_COMMON_BLOCKS = YES;
				GCC_WARN_64_TO_32_BIT_CONVERSION = YES;
				GCC_WARN_ABOUT_RETURN_TYPE = YES_ERROR;
				GCC_WARN_UNDECLARED_SELECTOR = YES;
				GCC_WARN_UNINITIALIZED_AUTOS = YES_AGGRESSIVE;
				GCC_WARN_UNUSED_FUNCTION = YES;
				GCC_WARN_UNUSED_VARIABLE = YES;
				IPHONEOS_DEPLOYMENT_TARGET = 10.3;
				MTL_ENABLE_DEBUG_INFO = NO;
				SDKROOT = iphoneos;
				SWIFT_OPTIMIZATION_LEVEL = "-Owholemodule";
				VALIDATE_PRODUCT = YES;
			};
			name = Release;
		};
		C9256FA81EA5BE5C00A2118B /* Debug */ = {
			isa = XCBuildConfiguration;
			baseConfigurationReference = 79F1C0BBC1BEAF6D8752F040 /* Pods-BartApp.debug.xcconfig */;
			buildSettings = {
				ASSETCATALOG_COMPILER_APPICON_NAME = AppIcon;
				DEVELOPMENT_TEAM = D4PT88369P;
				INFOPLIST_FILE = BartApp/Info.plist;
				IPHONEOS_DEPLOYMENT_TARGET = 10.2;
				LD_RUNPATH_SEARCH_PATHS = "$(inherited) @executable_path/Frameworks";
				PRODUCT_BUNDLE_IDENTIFIER = com.briawallace.BartApp;
				PRODUCT_NAME = "$(TARGET_NAME)";
				SWIFT_VERSION = 3.0;
			};
			name = Debug;
		};
		C9256FA91EA5BE5C00A2118B /* Release */ = {
			isa = XCBuildConfiguration;
			baseConfigurationReference = C628493AA9D40C9CF553DE04 /* Pods-BartApp.release.xcconfig */;
			buildSettings = {
				ASSETCATALOG_COMPILER_APPICON_NAME = AppIcon;
				DEVELOPMENT_TEAM = D4PT88369P;
				INFOPLIST_FILE = BartApp/Info.plist;
				IPHONEOS_DEPLOYMENT_TARGET = 10.2;
				LD_RUNPATH_SEARCH_PATHS = "$(inherited) @executable_path/Frameworks";
				PRODUCT_BUNDLE_IDENTIFIER = com.briawallace.BartApp;
				PRODUCT_NAME = "$(TARGET_NAME)";
				SWIFT_VERSION = 3.0;
			};
			name = Release;
		};
/* End XCBuildConfiguration section */

/* Begin XCConfigurationList section */
		C9256F901EA5BE5C00A2118B /* Build configuration list for PBXProject "BartApp" */ = {
			isa = XCConfigurationList;
			buildConfigurations = (
				C9256FA51EA5BE5C00A2118B /* Debug */,
				C9256FA61EA5BE5C00A2118B /* Release */,
			);
			defaultConfigurationIsVisible = 0;
			defaultConfigurationName = Release;
		};
		C9256FA71EA5BE5C00A2118B /* Build configuration list for PBXNativeTarget "BartApp" */ = {
			isa = XCConfigurationList;
			buildConfigurations = (
				C9256FA81EA5BE5C00A2118B /* Debug */,
				C9256FA91EA5BE5C00A2118B /* Release */,
			);
			defaultConfigurationIsVisible = 0;
			defaultConfigurationName = Release;
		};
/* End XCConfigurationList section */
	};
	rootObject = C9256F8D1EA5BE5C00A2118B /* Project object */;
}
